
Microsoft Visual Studio Solution File, Format Version 12.00
# Visual Studio Version 17
VisualStudioVersion = 17.9.34622.214
MinimumVisualStudioVersion = 10.0.40219.1
Project("{9A19103F-16F7-4668-BE54-9A1E7A4F7556}") = "SampleRest", "SampleRest.csproj", "{8A963827-FBFB-4E42-87CE-A8DB36AEC80B}"
EndProject
Project("{9A19103F-16F7-4668-BE54-9A1E7A4F7556}") = "Login", "..\Login\Login.csproj", "{EE5A7A31-8C2E-40D6-B6F0-5D94536AB32B}"
EndProject
Global
	GlobalSection(SolutionConfigurationPlatforms) = preSolution
		Debug|Any CPU = Debug|Any CPU
		Release|Any CPU = Release|Any CPU
	EndGlobalSection
	GlobalSection(ProjectConfigurationPlatforms) = postSolution
		{8A963827-FBFB-4E42-87CE-A8DB36AEC80B}.Debug|Any CPU.ActiveCfg = Debug|Any CPU
		{8A963827-FBFB-4E42-87CE-A8DB36AEC80B}.Debug|Any CPU.Build.0 = Debug|Any CPU
		{8A963827-FBFB-4E42-87CE-A8DB36AEC80B}.Release|Any CPU.ActiveCfg = Release|Any CPU
		{8A963827-FBFB-4E42-87CE-A8DB36AEC80B}.Release|Any CPU.Build.0 = Release|Any CPU
		{EE5A7A31-8C2E-40D6-B6F0-5D94536AB32B}.Debug|Any CPU.ActiveCfg = Debug|Any CPU
		{EE5A7A31-8C2E-40D6-B6F0-5D94536AB32B}.Debug|Any CPU.Build.0 = Debug|Any CPU
		{EE5A7A31-8C2E-40D6-B6F0-5D94536AB32B}.Release|Any CPU.ActiveCfg = Release|Any CPU
		{EE5A7A31-8C2E-40D6-B6F0-5D94536AB32B}.Release|Any CPU.Build.0 = Release|Any CPU
	EndGlobalSection
	GlobalSection(SolutionProperties) = preSolution
		HideSolutionNode = FALSE
	EndGlobalSection
	GlobalSection(ExtensibilityGlobals) = postSolution
		SolutionGuid = {6A74E9DF-6175-47D6-83D6-2FCBF00E9A1E}
	EndGlobalSection
EndGlobal
